
Microsoft Visual Studio Solution File, Format Version 12.00
# Visual Studio Version 17
VisualStudioVersion = 17.3.32901.215
MinimumVisualStudioVersion = 10.0.40219.1
Project("{9A19103F-16F7-4668-BE54-9A1E7A4F7556}") = "4Gewinnt (nicht)", "4Gewinnt (nicht)\4Gewinnt (nicht).csproj", "{C298F177-9AF9-4E82-8FB0-167CE3501C61}"
EndProject
Global
	GlobalSection(SolutionConfigurationPlatforms) = preSolution
		Debug|Any CPU = Debug|Any CPU
		Release|Any CPU = Release|Any CPU
		Server|Any CPU = Server|Any CPU
	EndGlobalSection
	GlobalSection(ProjectConfigurationPlatforms) = postSolution
		{C298F177-9AF9-4E82-8FB0-167CE3501C61}.Debug|Any CPU.ActiveCfg = Debug|Any CPU
		{C298F177-9AF9-4E82-8FB0-167CE3501C61}.Debug|Any CPU.Build.0 = Debug|Any CPU
		{C298F177-9AF9-4E82-8FB0-167CE3501C61}.Release|Any CPU.ActiveCfg = Release|Any CPU
		{C298F177-9AF9-4E82-8FB0-167CE3501C61}.Release|Any CPU.Build.0 = Release|Any CPU
		{C298F177-9AF9-4E82-8FB0-167CE3501C61}.Server|Any CPU.ActiveCfg = Server|Any CPU
		{C298F177-9AF9-4E82-8FB0-167CE3501C61}.Server|Any CPU.Build.0 = Server|Any CPU
	EndGlobalSection
	GlobalSection(SolutionProperties) = preSolution
		HideSolutionNode = FALSE
	EndGlobalSection
	GlobalSection(ExtensibilityGlobals) = postSolution
		SolutionGuid = {264D6CC6-45B7-4FF1-AAFA-6634ED5A1B82}
	EndGlobalSection
EndGlobal
