
Microsoft Visual Studio Solution File, Format Version 12.00
# Visual Studio Version 17
VisualStudioVersion = 17.0.31912.275
MinimumVisualStudioVersion = 10.0.40219.1
Project("{FAE04EC0-301F-11D3-BF4B-00C04F79EFBC}") = "Connect4Server", "Connect4Server\Connect4Server.csproj", "{73C55983-AFE1-451F-9318-B08085DC38CE}"
EndProject
Global
	GlobalSection(SolutionConfigurationPlatforms) = preSolution
		Debug|Any CPU = Debug|Any CPU
		Release|Any CPU = Release|Any CPU
	EndGlobalSection
	GlobalSection(ProjectConfigurationPlatforms) = postSolution
		{73C55983-AFE1-451F-9318-B08085DC38CE}.Debug|Any CPU.ActiveCfg = Debug|Any CPU
		{73C55983-AFE1-451F-9318-B08085DC38CE}.Debug|Any CPU.Build.0 = Debug|Any CPU
		{73C55983-AFE1-451F-9318-B08085DC38CE}.Release|Any CPU.ActiveCfg = Release|Any CPU
		{73C55983-AFE1-451F-9318-B08085DC38CE}.Release|Any CPU.Build.0 = Release|Any CPU
	EndGlobalSection
	GlobalSection(SolutionProperties) = preSolution
		HideSolutionNode = FALSE
	EndGlobalSection
	GlobalSection(ExtensibilityGlobals) = postSolution
		SolutionGuid = {899B20FB-D94E-4659-877F-5CC330DC0576}
	EndGlobalSection
EndGlobal
